
Microsoft Visual Studio Solution File, Format Version 12.00
# Visual Studio Version 17
VisualStudioVersion = 17.0.31903.59
MinimumVisualStudioVersion = 10.0.40219.1
Project("{2150E333-8FDC-42A3-9474-1A3956D46DE8}") = "src", "src", "{827E0CD3-B72D-47B6-A68D-7590B98EB39B}"
EndProject
Project("{FAE04EC0-301F-11D3-BF4B-00C04F79EFBC}") = "PortfolioAPI.WebApi", "src\PortfolioAPI.WebApi\PortfolioAPI.WebApi.csproj", "{9FC5B0FC-BF7A-4B8F-818D-F249F1577EF0}"
EndProject
Project("{FAE04EC0-301F-11D3-BF4B-00C04F79EFBC}") = "PortfolioAPI.Domain", "src\PortfolioAPI.Domain\PortfolioAPI.Domain.csproj", "{043E673D-D9AC-4166-BC8E-EB87F91AC9CD}"
EndProject
Project("{FAE04EC0-301F-11D3-BF4B-00C04F79EFBC}") = "PortfolioAPI.Application", "src\PortfolioAPI.Application\PortfolioAPI.Application.csproj", "{6DCCBD76-19A8-4945-BCF0-C76C1DB7D003}"
EndProject
Project("{FAE04EC0-301F-11D3-BF4B-00C04F79EFBC}") = "PortfolioAPI.Infrastructure", "src\PortfolioAPI.Infrastructure\PortfolioAPI.Infrastructure.csproj", "{8E2EFFA7-FF46-4EE9-9F83-CCA2B17E771F}"
EndProject
Project("{2150E333-8FDC-42A3-9474-1A3956D46DE8}") = "tests", "tests", "{0AB3BF05-4346-4AA6-1389-037BE0695223}"
EndProject
Project("{FAE04EC0-301F-11D3-BF4B-00C04F79EFBC}") = "PortfolioAPI.UnitTests", "tests\PortfolioAPI.UnitTests\PortfolioAPI.UnitTests.csproj", "{5CDD7C57-823E-4392-A876-B87BA61DBA3F}"
EndProject
Global
	GlobalSection(SolutionConfigurationPlatforms) = preSolution
		Debug|Any CPU = Debug|Any CPU
		Debug|x64 = Debug|x64
		Debug|x86 = Debug|x86
		Release|Any CPU = Release|Any CPU
		Release|x64 = Release|x64
		Release|x86 = Release|x86
	EndGlobalSection
	GlobalSection(ProjectConfigurationPlatforms) = postSolution
		{9FC5B0FC-BF7A-4B8F-818D-F249F1577EF0}.Debug|Any CPU.ActiveCfg = Debug|Any CPU
		{9FC5B0FC-BF7A-4B8F-818D-F249F1577EF0}.Debug|Any CPU.Build.0 = Debug|Any CPU
		{9FC5B0FC-BF7A-4B8F-818D-F249F1577EF0}.Debug|x64.ActiveCfg = Debug|Any CPU
		{9FC5B0FC-BF7A-4B8F-818D-F249F1577EF0}.Debug|x64.Build.0 = Debug|Any CPU
		{9FC5B0FC-BF7A-4B8F-818D-F249F1577EF0}.Debug|x86.ActiveCfg = Debug|Any CPU
		{9FC5B0FC-BF7A-4B8F-818D-F249F1577EF0}.Debug|x86.Build.0 = Debug|Any CPU
		{9FC5B0FC-BF7A-4B8F-818D-F249F1577EF0}.Release|Any CPU.ActiveCfg = Release|Any CPU
		{9FC5B0FC-BF7A-4B8F-818D-F249F1577EF0}.Release|Any CPU.Build.0 = Release|Any CPU
		{9FC5B0FC-BF7A-4B8F-818D-F249F1577EF0}.Release|x64.ActiveCfg = Release|Any CPU
		{9FC5B0FC-BF7A-4B8F-818D-F249F1577EF0}.Release|x64.Build.0 = Release|Any CPU
		{9FC5B0FC-BF7A-4B8F-818D-F249F1577EF0}.Release|x86.ActiveCfg = Release|Any CPU
		{9FC5B0FC-BF7A-4B8F-818D-F249F1577EF0}.Release|x86.Build.0 = Release|Any CPU
		{043E673D-D9AC-4166-BC8E-EB87F91AC9CD}.Debug|Any CPU.ActiveCfg = Debug|Any CPU
		{043E673D-D9AC-4166-BC8E-EB87F91AC9CD}.Debug|Any CPU.Build.0 = Debug|Any CPU
		{043E673D-D9AC-4166-BC8E-EB87F91AC9CD}.Debug|x64.ActiveCfg = Debug|Any CPU
		{043E673D-D9AC-4166-BC8E-EB87F91AC9CD}.Debug|x64.Build.0 = Debug|Any CPU
		{043E673D-D9AC-4166-BC8E-EB87F91AC9CD}.Debug|x86.ActiveCfg = Debug|Any CPU
		{043E673D-D9AC-4166-BC8E-EB87F91AC9CD}.Debug|x86.Build.0 = Debug|Any CPU
		{043E673D-D9AC-4166-BC8E-EB87F91AC9CD}.Release|Any CPU.ActiveCfg = Release|Any CPU
		{043E673D-D9AC-4166-BC8E-EB87F91AC9CD}.Release|Any CPU.Build.0 = Release|Any CPU
		{043E673D-D9AC-4166-BC8E-EB87F91AC9CD}.Release|x64.ActiveCfg = Release|Any CPU
		{043E673D-D9AC-4166-BC8E-EB87F91AC9CD}.Release|x64.Build.0 = Release|Any CPU
		{043E673D-D9AC-4166-BC8E-EB87F91AC9CD}.Release|x86.ActiveCfg = Release|Any CPU
		{043E673D-D9AC-4166-BC8E-EB87F91AC9CD}.Release|x86.Build.0 = Release|Any CPU
		{6DCCBD76-19A8-4945-BCF0-C76C1DB7D003}.Debug|Any CPU.ActiveCfg = Debug|Any CPU
		{6DCCBD76-19A8-4945-BCF0-C76C1DB7D003}.Debug|Any CPU.Build.0 = Debug|Any CPU
		{6DCCBD76-19A8-4945-BCF0-C76C1DB7D003}.Debug|x64.ActiveCfg = Debug|Any CPU
		{6DCCBD76-19A8-4945-BCF0-C76C1DB7D003}.Debug|x64.Build.0 = Debug|Any CPU
		{6DCCBD76-19A8-4945-BCF0-C76C1DB7D003}.Debug|x86.ActiveCfg = Debug|Any CPU
		{6DCCBD76-19A8-4945-BCF0-C76C1DB7D003}.Debug|x86.Build.0 = Debug|Any CPU
		{6DCCBD76-19A8-4945-BCF0-C76C1DB7D003}.Release|Any CPU.ActiveCfg = Release|Any CPU
		{6DCCBD76-19A8-4945-BCF0-C76C1DB7D003}.Release|Any CPU.Build.0 = Release|Any CPU
		{6DCCBD76-19A8-4945-BCF0-C76C1DB7D003}.Release|x64.ActiveCfg = Release|Any CPU
		{6DCCBD76-19A8-4945-BCF0-C76C1DB7D003}.Release|x64.Build.0 = Release|Any CPU
		{6DCCBD76-19A8-4945-BCF0-C76C1DB7D003}.Release|x86.ActiveCfg = Release|Any CPU
		{6DCCBD76-19A8-4945-BCF0-C76C1DB7D003}.Release|x86.Build.0 = Release|Any CPU
		{8E2EFFA7-FF46-4EE9-9F83-CCA2B17E771F}.Debug|Any CPU.ActiveCfg = Debug|Any CPU
		{8E2EFFA7-FF46-4EE9-9F83-CCA2B17E771F}.Debug|Any CPU.Build.0 = Debug|Any CPU
		{8E2EFFA7-FF46-4EE9-9F83-CCA2B17E771F}.Debug|x64.ActiveCfg = Debug|Any CPU
		{8E2EFFA7-FF46-4EE9-9F83-CCA2B17E771F}.Debug|x64.Build.0 = Debug|Any CPU
		{8E2EFFA7-FF46-4EE9-9F83-CCA2B17E771F}.Debug|x86.ActiveCfg = Debug|Any CPU
		{8E2EFFA7-FF46-4EE9-9F83-CCA2B17E771F}.Debug|x86.Build.0 = Debug|Any CPU
		{8E2EFFA7-FF46-4EE9-9F83-CCA2B17E771F}.Release|Any CPU.ActiveCfg = Release|Any CPU
		{8E2EFFA7-FF46-4EE9-9F83-CCA2B17E771F}.Release|Any CPU.Build.0 = Release|Any CPU
		{8E2EFFA7-FF46-4EE9-9F83-CCA2B17E771F}.Release|x64.ActiveCfg = Release|Any CPU
		{8E2EFFA7-FF46-4EE9-9F83-CCA2B17E771F}.Release|x64.Build.0 = Release|Any CPU
		{8E2EFFA7-FF46-4EE9-9F83-CCA2B17E771F}.Release|x86.ActiveCfg = Release|Any CPU
		{8E2EFFA7-FF46-4EE9-9F83-CCA2B17E771F}.Release|x86.Build.0 = Release|Any CPU
		{5CDD7C57-823E-4392-A876-B87BA61DBA3F}.Debug|Any CPU.ActiveCfg = Debug|Any CPU
		{5CDD7C57-823E-4392-A876-B87BA61DBA3F}.Debug|Any CPU.Build.0 = Debug|Any CPU
		{5CDD7C57-823E-4392-A876-B87BA61DBA3F}.Debug|x64.ActiveCfg = Debug|Any CPU
		{5CDD7C57-823E-4392-A876-B87BA61DBA3F}.Debug|x64.Build.0 = Debug|Any CPU
		{5CDD7C57-823E-4392-A876-B87BA61DBA3F}.Debug|x86.ActiveCfg = Debug|Any CPU
		{5CDD7C57-823E-4392-A876-B87BA61DBA3F}.Debug|x86.Build.0 = Debug|Any CPU
		{5CDD7C57-823E-4392-A876-B87BA61DBA3F}.Release|Any CPU.ActiveCfg = Release|Any CPU
		{5CDD7C57-823E-4392-A876-B87BA61DBA3F}.Release|Any CPU.Build.0 = Release|Any CPU
		{5CDD7C57-823E-4392-A876-B87BA61DBA3F}.Release|x64.ActiveCfg = Release|Any CPU
		{5CDD7C57-823E-4392-A876-B87BA61DBA3F}.Release|x64.Build.0 = Release|Any CPU
		{5CDD7C57-823E-4392-A876-B87BA61DBA3F}.Release|x86.ActiveCfg = Release|Any CPU
		{5CDD7C57-823E-4392-A876-B87BA61DBA3F}.Release|x86.Build.0 = Release|Any CPU
	EndGlobalSection
	GlobalSection(SolutionProperties) = preSolution
		HideSolutionNode = FALSE
	EndGlobalSection
	GlobalSection(NestedProjects) = preSolution
		{9FC5B0FC-BF7A-4B8F-818D-F249F1577EF0} = {827E0CD3-B72D-47B6-A68D-7590B98EB39B}
		{043E673D-D9AC-4166-BC8E-EB87F91AC9CD} = {827E0CD3-B72D-47B6-A68D-7590B98EB39B}
		{6DCCBD76-19A8-4945-BCF0-C76C1DB7D003} = {827E0CD3-B72D-47B6-A68D-7590B98EB39B}
		{8E2EFFA7-FF46-4EE9-9F83-CCA2B17E771F} = {827E0CD3-B72D-47B6-A68D-7590B98EB39B}
		{5CDD7C57-823E-4392-A876-B87BA61DBA3F} = {0AB3BF05-4346-4AA6-1389-037BE0695223}
	EndGlobalSection
	GlobalSection(ExtensibilityGlobals) = postSolution
		SolutionGuid = {952810CC-FAC4-407B-864E-A55A018A8D03}
	EndGlobalSection
EndGlobal
